
Microsoft Visual Studio Solution File, Format Version 12.00
# Visual Studio Version 17
VisualStudioVersion = 17.0.31903.59
MinimumVisualStudioVersion = 10.0.40219.1
Project("{FAE04EC0-301F-11D3-BF4B-00C04F79EFBC}") = "FilmWiz.Web", "FilmWiz.Web\FilmWiz.Web.csproj", "{B804AD88-2EED-4FCE-BA44-D4C8003E2FB3}"
EndProject
Project("{FAE04EC0-301F-11D3-BF4B-00C04F79EFBC}") = "FilmWiz.Core", "FilmWiz.Core\FilmWiz.Core.csproj", "{9935D807-70AA-408F-BB11-82DC6E0CA728}"
EndProject
Project("{FAE04EC0-301F-11D3-BF4B-00C04F79EFBC}") = "FilmWiz.Infrastructure", "FilmWiz.Infrastructure\FilmWiz.Infrastructure.csproj", "{233D4078-0D3B-45FE-8C3F-4A4493B1ACA6}"
EndProject
Global
	GlobalSection(SolutionConfigurationPlatforms) = preSolution
		Debug|Any CPU = Debug|Any CPU
		Release|Any CPU = Release|Any CPU
	EndGlobalSection
	GlobalSection(SolutionProperties) = preSolution
		HideSolutionNode = FALSE
	EndGlobalSection
	GlobalSection(ProjectConfigurationPlatforms) = postSolution
		{B804AD88-2EED-4FCE-BA44-D4C8003E2FB3}.Debug|Any CPU.ActiveCfg = Debug|Any CPU
		{B804AD88-2EED-4FCE-BA44-D4C8003E2FB3}.Debug|Any CPU.Build.0 = Debug|Any CPU
		{B804AD88-2EED-4FCE-BA44-D4C8003E2FB3}.Release|Any CPU.ActiveCfg = Release|Any CPU
		{B804AD88-2EED-4FCE-BA44-D4C8003E2FB3}.Release|Any CPU.Build.0 = Release|Any CPU
		{9935D807-70AA-408F-BB11-82DC6E0CA728}.Debug|Any CPU.ActiveCfg = Debug|Any CPU
		{9935D807-70AA-408F-BB11-82DC6E0CA728}.Debug|Any CPU.Build.0 = Debug|Any CPU
		{9935D807-70AA-408F-BB11-82DC6E0CA728}.Release|Any CPU.ActiveCfg = Release|Any CPU
		{9935D807-70AA-408F-BB11-82DC6E0CA728}.Release|Any CPU.Build.0 = Release|Any CPU
		{233D4078-0D3B-45FE-8C3F-4A4493B1ACA6}.Debug|Any CPU.ActiveCfg = Debug|Any CPU
		{233D4078-0D3B-45FE-8C3F-4A4493B1ACA6}.Debug|Any CPU.Build.0 = Debug|Any CPU
		{233D4078-0D3B-45FE-8C3F-4A4493B1ACA6}.Release|Any CPU.ActiveCfg = Release|Any CPU
		{233D4078-0D3B-45FE-8C3F-4A4493B1ACA6}.Release|Any CPU.Build.0 = Release|Any CPU
	EndGlobalSection
EndGlobal
